
Microsoft Visual Studio Solution File, Format Version 12.00
# Visual Studio Version 18
VisualStudioVersion = 18.7.11919.86
MinimumVisualStudioVersion = 10.0.40219.1
Project("{FAE04EC0-301F-11D3-BF4B-00C04F79EFBC}") = "P1.Domain", "P1.Domain\P1.Domain.csproj", "{392065D9-B240-4CEC-A504-7E2CF8FE2FCA}"
EndProject
Project("{FAE04EC0-301F-11D3-BF4B-00C04F79EFBC}") = "P1.Application.Contracts", "P1.Application.Contracts\P1.Application.Contracts.csproj", "{C8595BC3-8ECB-475F-BD41-FD4B98E89B2F}"
EndProject
Project("{FAE04EC0-301F-11D3-BF4B-00C04F79EFBC}") = "P1.Application", "P1.Application\P1.Application.csproj", "{FF75CA1B-2828-4D6B-BDAC-2D708FF19E6F}"
EndProject
Project("{FAE04EC0-301F-11D3-BF4B-00C04F79EFBC}") = "P1.Infrastructure.Contracts", "P1.Infrastructure.Contracts\P1.Infrastructure.Contracts.csproj", "{BA7027F0-516A-48E6-A189-BE14AC86FA6C}"
EndProject
Project("{FAE04EC0-301F-11D3-BF4B-00C04F79EFBC}") = "P1.API", "P1.API\P1.API.csproj", "{97E469BA-F755-4002-BB40-5E77A448E506}"
EndProject
Project("{FAE04EC0-301F-11D3-BF4B-00C04F79EFBC}") = "P2.Domain", "P2.Domain\P2.Domain.csproj", "{9582B6B9-01BC-408D-8BBC-75E97BA52D1F}"
EndProject
Project("{FAE04EC0-301F-11D3-BF4B-00C04F79EFBC}") = "P2.Application.Contracts", "P2.Application.Contracts\P2.Application.Contracts.csproj", "{5F5D2E2E-9BF9-4627-8AD1-361241675903}"
EndProject
Project("{FAE04EC0-301F-11D3-BF4B-00C04F79EFBC}") = "P2.Application", "P2.Application\P2.Application.csproj", "{5116A901-20E8-4C8D-A945-5269F9BAB8E4}"
EndProject
Project("{FAE04EC0-301F-11D3-BF4B-00C04F79EFBC}") = "P2.Infrastructure.Contracts", "P2.Infrastructure.Contracts\P2.Infrastructure.Contracts.csproj", "{E996A86F-CC72-41AE-B7EB-25128201D63D}"
EndProject
Project("{FAE04EC0-301F-11D3-BF4B-00C04F79EFBC}") = "P2.Infrastructure", "P2.Infrastructure\P2.Infrastructure.csproj", "{90DF1303-1FF8-4B04-9F48-40AB73671093}"
EndProject
Project("{FAE04EC0-301F-11D3-BF4B-00C04F79EFBC}") = "P2.API", "P2.API\P2.API.csproj", "{4130EBAD-B792-4967-A933-6573748A8D48}"
EndProject
Project("{FAE04EC0-301F-11D3-BF4B-00C04F79EFBC}") = "P1.Infrastructure", "P1.Infrastructure\P1.Infrastructure.csproj", "{1CB1D5C4-EE26-4428-A58B-88D72549ECF7}"
EndProject
Project("{2150E333-8FDC-42A3-9474-1A3956D46DE8}") = "NewFolder1", "NewFolder1", "{02EA681E-C7D8-13C7-8484-4AC65E1B71E8}"
EndProject
Project("{2150E333-8FDC-42A3-9474-1A3956D46DE8}") = "NewFolder2", "NewFolder2", "{369CB01D-A1A7-72D2-AABC-3F0945D148A2}"
EndProject
Project("{FAE04EC0-301F-11D3-BF4B-00C04F79EFBC}") = "p1.IOC", "p1.IOC\p1.IOC.csproj", "{3BB7B53A-F64A-48F7-9B8A-003BA8D05AC3}"
EndProject
Project("{FAE04EC0-301F-11D3-BF4B-00C04F79EFBC}") = "P2.IOC", "P2.IOC\P2.IOC.csproj", "{A996B938-BD1D-4325-9343-393066524989}"
EndProject
Global
	GlobalSection(SolutionConfigurationPlatforms) = preSolution
		Debug|Any CPU = Debug|Any CPU
		Debug|x64 = Debug|x64
		Debug|x86 = Debug|x86
		Release|Any CPU = Release|Any CPU
		Release|x64 = Release|x64
		Release|x86 = Release|x86
	EndGlobalSection
	GlobalSection(ProjectConfigurationPlatforms) = postSolution
		{392065D9-B240-4CEC-A504-7E2CF8FE2FCA}.Debug|Any CPU.ActiveCfg = Debug|Any CPU
		{392065D9-B240-4CEC-A504-7E2CF8FE2FCA}.Debug|Any CPU.Build.0 = Debug|Any CPU
		{392065D9-B240-4CEC-A504-7E2CF8FE2FCA}.Debug|x64.ActiveCfg = Debug|Any CPU
		{392065D9-B240-4CEC-A504-7E2CF8FE2FCA}.Debug|x64.Build.0 = Debug|Any CPU
		{392065D9-B240-4CEC-A504-7E2CF8FE2FCA}.Debug|x86.ActiveCfg = Debug|Any CPU
		{392065D9-B240-4CEC-A504-7E2CF8FE2FCA}.Debug|x86.Build.0 = Debug|Any CPU
		{392065D9-B240-4CEC-A504-7E2CF8FE2FCA}.Release|Any CPU.ActiveCfg = Release|Any CPU
		{392065D9-B240-4CEC-A504-7E2CF8FE2FCA}.Release|Any CPU.Build.0 = Release|Any CPU
		{392065D9-B240-4CEC-A504-7E2CF8FE2FCA}.Release|x64.ActiveCfg = Release|Any CPU
		{392065D9-B240-4CEC-A504-7E2CF8FE2FCA}.Release|x64.Build.0 = Release|Any CPU
		{392065D9-B240-4CEC-A504-7E2CF8FE2FCA}.Release|x86.ActiveCfg = Release|Any CPU
		{392065D9-B240-4CEC-A504-7E2CF8FE2FCA}.Release|x86.Build.0 = Release|Any CPU
		{C8595BC3-8ECB-475F-BD41-FD4B98E89B2F}.Debug|Any CPU.ActiveCfg = Debug|Any CPU
		{C8595BC3-8ECB-475F-BD41-FD4B98E89B2F}.Debug|Any CPU.Build.0 = Debug|Any CPU
		{C8595BC3-8ECB-475F-BD41-FD4B98E89B2F}.Debug|x64.ActiveCfg = Debug|Any CPU
		{C8595BC3-8ECB-475F-BD41-FD4B98E89B2F}.Debug|x64.Build.0 = Debug|Any CPU
		{C8595BC3-8ECB-475F-BD41-FD4B98E89B2F}.Debug|x86.ActiveCfg = Debug|Any CPU
		{C8595BC3-8ECB-475F-BD41-FD4B98E89B2F}.Debug|x86.Build.0 = Debug|Any CPU
		{C8595BC3-8ECB-475F-BD41-FD4B98E89B2F}.Release|Any CPU.ActiveCfg = Release|Any CPU
		{C8595BC3-8ECB-475F-BD41-FD4B98E89B2F}.Release|Any CPU.Build.0 = Release|Any CPU
		{C8595BC3-8ECB-475F-BD41-FD4B98E89B2F}.Release|x64.ActiveCfg = Release|Any CPU
		{C8595BC3-8ECB-475F-BD41-FD4B98E89B2F}.Release|x64.Build.0 = Release|Any CPU
		{C8595BC3-8ECB-475F-BD41-FD4B98E89B2F}.Release|x86.ActiveCfg = Release|Any CPU
		{C8595BC3-8ECB-475F-BD41-FD4B98E89B2F}.Release|x86.Build.0 = Release|Any CPU
		{FF75CA1B-2828-4D6B-BDAC-2D708FF19E6F}.Debug|Any CPU.ActiveCfg = Debug|Any CPU
		{FF75CA1B-2828-4D6B-BDAC-2D708FF19E6F}.Debug|Any CPU.Build.0 = Debug|Any CPU
		{FF75CA1B-2828-4D6B-BDAC-2D708FF19E6F}.Debug|x64.ActiveCfg = Debug|Any CPU
		{FF75CA1B-2828-4D6B-BDAC-2D708FF19E6F}.Debug|x64.Build.0 = Debug|Any CPU
		{FF75CA1B-2828-4D6B-BDAC-2D708FF19E6F}.Debug|x86.ActiveCfg = Debug|Any CPU
		{FF75CA1B-2828-4D6B-BDAC-2D708FF19E6F}.Debug|x86.Build.0 = Debug|Any CPU
		{FF75CA1B-2828-4D6B-BDAC-2D708FF19E6F}.Release|Any CPU.ActiveCfg = Release|Any CPU
		{FF75CA1B-2828-4D6B-BDAC-2D708FF19E6F}.Release|Any CPU.Build.0 = Release|Any CPU
		{FF75CA1B-2828-4D6B-BDAC-2D708FF19E6F}.Release|x64.ActiveCfg = Release|Any CPU
		{FF75CA1B-2828-4D6B-BDAC-2D708FF19E6F}.Release|x64.Build.0 = Release|Any CPU
		{FF75CA1B-2828-4D6B-BDAC-2D708FF19E6F}.Release|x86.ActiveCfg = Release|Any CPU
		{FF75CA1B-2828-4D6B-BDAC-2D708FF19E6F}.Release|x86.Build.0 = Release|Any CPU
		{BA7027F0-516A-48E6-A189-BE14AC86FA6C}.Debug|Any CPU.ActiveCfg = Debug|Any CPU
		{BA7027F0-516A-48E6-A189-BE14AC86FA6C}.Debug|Any CPU.Build.0 = Debug|Any CPU
		{BA7027F0-516A-48E6-A189-BE14AC86FA6C}.Debug|x64.ActiveCfg = Debug|Any CPU
		{BA7027F0-516A-48E6-A189-BE14AC86FA6C}.Debug|x64.Build.0 = Debug|Any CPU
		{BA7027F0-516A-48E6-A189-BE14AC86FA6C}.Debug|x86.ActiveCfg = Debug|Any CPU
		{BA7027F0-516A-48E6-A189-BE14AC86FA6C}.Debug|x86.Build.0 = Debug|Any CPU
		{BA7027F0-516A-48E6-A189-BE14AC86FA6C}.Release|Any CPU.ActiveCfg = Release|Any CPU
		{BA7027F0-516A-48E6-A189-BE14AC86FA6C}.Release|Any CPU.Build.0 = Release|Any CPU
		{BA7027F0-516A-48E6-A189-BE14AC86FA6C}.Release|x64.ActiveCfg = Release|Any CPU
		{BA7027F0-516A-48E6-A189-BE14AC86FA6C}.Release|x64.Build.0 = Release|Any CPU
		{BA7027F0-516A-48E6-A189-BE14AC86FA6C}.Release|x86.ActiveCfg = Release|Any CPU
		{BA7027F0-516A-48E6-A189-BE14AC86FA6C}.Release|x86.Build.0 = Release|Any CPU
		{97E469BA-F755-4002-BB40-5E77A448E506}.Debug|Any CPU.ActiveCfg = Debug|Any CPU
		{97E469BA-F755-4002-BB40-5E77A448E506}.Debug|Any CPU.Build.0 = Debug|Any CPU
		{97E469BA-F755-4002-BB40-5E77A448E506}.Debug|x64.ActiveCfg = Debug|Any CPU
		{97E469BA-F755-4002-BB40-5E77A448E506}.Debug|x64.Build.0 = Debug|Any CPU
		{97E469BA-F755-4002-BB40-5E77A448E506}.Debug|x86.ActiveCfg = Debug|Any CPU
		{97E469BA-F755-4002-BB40-5E77A448E506}.Debug|x86.Build.0 = Debug|Any CPU
		{97E469BA-F755-4002-BB40-5E77A448E506}.Release|Any CPU.ActiveCfg = Release|Any CPU
		{97E469BA-F755-4002-BB40-5E77A448E506}.Release|Any CPU.Build.0 = Release|Any CPU
		{97E469BA-F755-4002-BB40-5E77A448E506}.Release|x64.ActiveCfg = Release|Any CPU
		{97E469BA-F755-4002-BB40-5E77A448E506}.Release|x64.Build.0 = Release|Any CPU
		{97E469BA-F755-4002-BB40-5E77A448E506}.Release|x86.ActiveCfg = Release|Any CPU
		{97E469BA-F755-4002-BB40-5E77A448E506}.Release|x86.Build.0 = Release|Any CPU
		{9582B6B9-01BC-408D-8BBC-75E97BA52D1F}.Debug|Any CPU.ActiveCfg = Debug|Any CPU
		{9582B6B9-01BC-408D-8BBC-75E97BA52D1F}.Debug|Any CPU.Build.0 = Debug|Any CPU
		{9582B6B9-01BC-408D-8BBC-75E97BA52D1F}.Debug|x64.ActiveCfg = Debug|Any CPU
		{9582B6B9-01BC-408D-8BBC-75E97BA52D1F}.Debug|x64.Build.0 = Debug|Any CPU
		{9582B6B9-01BC-408D-8BBC-75E97BA52D1F}.Debug|x86.ActiveCfg = Debug|Any CPU
		{9582B6B9-01BC-408D-8BBC-75E97BA52D1F}.Debug|x86.Build.0 = Debug|Any CPU
		{9582B6B9-01BC-408D-8BBC-75E97BA52D1F}.Release|Any CPU.ActiveCfg = Release|Any CPU
		{9582B6B9-01BC-408D-8BBC-75E97BA52D1F}.Release|Any CPU.Build.0 = Release|Any CPU
		{9582B6B9-01BC-408D-8BBC-75E97BA52D1F}.Release|x64.ActiveCfg = Release|Any CPU
		{9582B6B9-01BC-408D-8BBC-75E97BA52D1F}.Release|x64.Build.0 = Release|Any CPU
		{9582B6B9-01BC-408D-8BBC-75E97BA52D1F}.Release|x86.ActiveCfg = Release|Any CPU
		{9582B6B9-01BC-408D-8BBC-75E97BA52D1F}.Release|x86.Build.0 = Release|Any CPU
		{5F5D2E2E-9BF9-4627-8AD1-361241675903}.Debug|Any CPU.ActiveCfg = Debug|Any CPU
		{5F5D2E2E-9BF9-4627-8AD1-361241675903}.Debug|Any CPU.Build.0 = Debug|Any CPU
		{5F5D2E2E-9BF9-4627-8AD1-361241675903}.Debug|x64.ActiveCfg = Debug|Any CPU
		{5F5D2E2E-9BF9-4627-8AD1-361241675903}.Debug|x64.Build.0 = Debug|Any CPU
		{5F5D2E2E-9BF9-4627-8AD1-361241675903}.Debug|x86.ActiveCfg = Debug|Any CPU
		{5F5D2E2E-9BF9-4627-8AD1-361241675903}.Debug|x86.Build.0 = Debug|Any CPU
		{5F5D2E2E-9BF9-4627-8AD1-361241675903}.Release|Any CPU.ActiveCfg = Release|Any CPU
		{5F5D2E2E-9BF9-4627-8AD1-361241675903}.Release|Any CPU.Build.0 = Release|Any CPU
		{5F5D2E2E-9BF9-4627-8AD1-361241675903}.Release|x64.ActiveCfg = Release|Any CPU
		{5F5D2E2E-9BF9-4627-8AD1-361241675903}.Release|x64.Build.0 = Release|Any CPU
		{5F5D2E2E-9BF9-4627-8AD1-361241675903}.Release|x86.ActiveCfg = Release|Any CPU
		{5F5D2E2E-9BF9-4627-8AD1-361241675903}.Release|x86.Build.0 = Release|Any CPU
		{5116A901-20E8-4C8D-A945-5269F9BAB8E4}.Debug|Any CPU.ActiveCfg = Debug|Any CPU
		{5116A901-20E8-4C8D-A945-5269F9BAB8E4}.Debug|Any CPU.Build.0 = Debug|Any CPU
		{5116A901-20E8-4C8D-A945-5269F9BAB8E4}.Debug|x64.ActiveCfg = Debug|Any CPU
		{5116A901-20E8-4C8D-A945-5269F9BAB8E4}.Debug|x64.Build.0 = Debug|Any CPU
		{5116A901-20E8-4C8D-A945-5269F9BAB8E4}.Debug|x86.ActiveCfg = Debug|Any CPU
		{5116A901-20E8-4C8D-A945-5269F9BAB8E4}.Debug|x86.Build.0 = Debug|Any CPU
		{5116A901-20E8-4C8D-A945-5269F9BAB8E4}.Release|Any CPU.ActiveCfg = Release|Any CPU
		{5116A901-20E8-4C8D-A945-5269F9BAB8E4}.Release|Any CPU.Build.0 = Release|Any CPU
		{5116A901-20E8-4C8D-A945-5269F9BAB8E4}.Release|x64.ActiveCfg = Release|Any CPU
		{5116A901-20E8-4C8D-A945-5269F9BAB8E4}.Release|x64.Build.0 = Release|Any CPU
		{5116A901-20E8-4C8D-A945-5269F9BAB8E4}.Release|x86.ActiveCfg = Release|Any CPU
		{5116A901-20E8-4C8D-A945-5269F9BAB8E4}.Release|x86.Build.0 = Release|Any CPU
		{E996A86F-CC72-41AE-B7EB-25128201D63D}.Debug|Any CPU.ActiveCfg = Debug|Any CPU
		{E996A86F-CC72-41AE-B7EB-25128201D63D}.Debug|Any CPU.Build.0 = Debug|Any CPU
		{E996A86F-CC72-41AE-B7EB-25128201D63D}.Debug|x64.ActiveCfg = Debug|Any CPU
		{E996A86F-CC72-41AE-B7EB-25128201D63D}.Debug|x64.Build.0 = Debug|Any CPU
		{E996A86F-CC72-41AE-B7EB-25128201D63D}.Debug|x86.ActiveCfg = Debug|Any CPU
		{E996A86F-CC72-41AE-B7EB-25128201D63D}.Debug|x86.Build.0 = Debug|Any CPU
		{E996A86F-CC72-41AE-B7EB-25128201D63D}.Release|Any CPU.ActiveCfg = Release|Any CPU
		{E996A86F-CC72-41AE-B7EB-25128201D63D}.Release|Any CPU.Build.0 = Release|Any CPU
		{E996A86F-CC72-41AE-B7EB-25128201D63D}.Release|x64.ActiveCfg = Release|Any CPU
		{E996A86F-CC72-41AE-B7EB-25128201D63D}.Release|x64.Build.0 = Release|Any CPU
		{E996A86F-CC72-41AE-B7EB-25128201D63D}.Release|x86.ActiveCfg = Release|Any CPU
		{E996A86F-CC72-41AE-B7EB-25128201D63D}.Release|x86.Build.0 = Release|Any CPU
		{90DF1303-1FF8-4B04-9F48-40AB73671093}.Debug|Any CPU.ActiveCfg = Debug|Any CPU
		{90DF1303-1FF8-4B04-9F48-40AB73671093}.Debug|Any CPU.Build.0 = Debug|Any CPU
		{90DF1303-1FF8-4B04-9F48-40AB73671093}.Debug|x64.ActiveCfg = Debug|Any CPU
		{90DF1303-1FF8-4B04-9F48-40AB73671093}.Debug|x64.Build.0 = Debug|Any CPU
		{90DF1303-1FF8-4B04-9F48-40AB73671093}.Debug|x86.ActiveCfg = Debug|Any CPU
		{90DF1303-1FF8-4B04-9F48-40AB73671093}.Debug|x86.Build.0 = Debug|Any CPU
		{90DF1303-1FF8-4B04-9F48-40AB73671093}.Release|Any CPU.ActiveCfg = Release|Any CPU
		{90DF1303-1FF8-4B04-9F48-40AB73671093}.Release|Any CPU.Build.0 = Release|Any CPU
		{90DF1303-1FF8-4B04-9F48-40AB73671093}.Release|x64.ActiveCfg = Release|Any CPU
		{90DF1303-1FF8-4B04-9F48-40AB73671093}.Release|x64.Build.0 = Release|Any CPU
		{90DF1303-1FF8-4B04-9F48-40AB73671093}.Release|x86.ActiveCfg = Release|Any CPU
		{90DF1303-1FF8-4B04-9F48-40AB73671093}.Release|x86.Build.0 = Release|Any CPU
		{4130EBAD-B792-4967-A933-6573748A8D48}.Debug|Any CPU.ActiveCfg = Debug|Any CPU
		{4130EBAD-B792-4967-A933-6573748A8D48}.Debug|Any CPU.Build.0 = Debug|Any CPU
		{4130EBAD-B792-4967-A933-6573748A8D48}.Debug|x64.ActiveCfg = Debug|Any CPU
		{4130EBAD-B792-4967-A933-6573748A8D48}.Debug|x64.Build.0 = Debug|Any CPU
		{4130EBAD-B792-4967-A933-6573748A8D48}.Debug|x86.ActiveCfg = Debug|Any CPU
		{4130EBAD-B792-4967-A933-6573748A8D48}.Debug|x86.Build.0 = Debug|Any CPU
		{4130EBAD-B792-4967-A933-6573748A8D48}.Release|Any CPU.ActiveCfg = Release|Any CPU
		{4130EBAD-B792-4967-A933-6573748A8D48}.Release|Any CPU.Build.0 = Release|Any CPU
		{4130EBAD-B792-4967-A933-6573748A8D48}.Release|x64.ActiveCfg = Release|Any CPU
		{4130EBAD-B792-4967-A933-6573748A8D48}.Release|x64.Build.0 = Release|Any CPU
		{4130EBAD-B792-4967-A933-6573748A8D48}.Release|x86.ActiveCfg = Release|Any CPU
		{4130EBAD-B792-4967-A933-6573748A8D48}.Release|x86.Build.0 = Release|Any CPU
		{1CB1D5C4-EE26-4428-A58B-88D72549ECF7}.Debug|Any CPU.ActiveCfg = Debug|Any CPU
		{1CB1D5C4-EE26-4428-A58B-88D72549ECF7}.Debug|Any CPU.Build.0 = Debug|Any CPU
		{1CB1D5C4-EE26-4428-A58B-88D72549ECF7}.Debug|x64.ActiveCfg = Debug|Any CPU
		{1CB1D5C4-EE26-4428-A58B-88D72549ECF7}.Debug|x64.Build.0 = Debug|Any CPU
		{1CB1D5C4-EE26-4428-A58B-88D72549ECF7}.Debug|x86.ActiveCfg = Debug|Any CPU
		{1CB1D5C4-EE26-4428-A58B-88D72549ECF7}.Debug|x86.Build.0 = Debug|Any CPU
		{1CB1D5C4-EE26-4428-A58B-88D72549ECF7}.Release|Any CPU.ActiveCfg = Release|Any CPU
		{1CB1D5C4-EE26-4428-A58B-88D72549ECF7}.Release|Any CPU.Build.0 = Release|Any CPU
		{1CB1D5C4-EE26-4428-A58B-88D72549ECF7}.Release|x64.ActiveCfg = Release|Any CPU
		{1CB1D5C4-EE26-4428-A58B-88D72549ECF7}.Release|x64.Build.0 = Release|Any CPU
		{1CB1D5C4-EE26-4428-A58B-88D72549ECF7}.Release|x86.ActiveCfg = Release|Any CPU
		{1CB1D5C4-EE26-4428-A58B-88D72549ECF7}.Release|x86.Build.0 = Release|Any CPU
		{3BB7B53A-F64A-48F7-9B8A-003BA8D05AC3}.Debug|Any CPU.ActiveCfg = Debug|Any CPU
		{3BB7B53A-F64A-48F7-9B8A-003BA8D05AC3}.Debug|Any CPU.Build.0 = Debug|Any CPU
		{3BB7B53A-F64A-48F7-9B8A-003BA8D05AC3}.Debug|x64.ActiveCfg = Debug|Any CPU
		{3BB7B53A-F64A-48F7-9B8A-003BA8D05AC3}.Debug|x64.Build.0 = Debug|Any CPU
		{3BB7B53A-F64A-48F7-9B8A-003BA8D05AC3}.Debug|x86.ActiveCfg = Debug|Any CPU
		{3BB7B53A-F64A-48F7-9B8A-003BA8D05AC3}.Debug|x86.Build.0 = Debug|Any CPU
		{3BB7B53A-F64A-48F7-9B8A-003BA8D05AC3}.Release|Any CPU.ActiveCfg = Release|Any CPU
		{3BB7B53A-F64A-48F7-9B8A-003BA8D05AC3}.Release|Any CPU.Build.0 = Release|Any CPU
		{3BB7B53A-F64A-48F7-9B8A-003BA8D05AC3}.Release|x64.ActiveCfg = Release|Any CPU
		{3BB7B53A-F64A-48F7-9B8A-003BA8D05AC3}.Release|x64.Build.0 = Release|Any CPU
		{3BB7B53A-F64A-48F7-9B8A-003BA8D05AC3}.Release|x86.ActiveCfg = Release|Any CPU
		{3BB7B53A-F64A-48F7-9B8A-003BA8D05AC3}.Release|x86.Build.0 = Release|Any CPU
		{A996B938-BD1D-4325-9343-393066524989}.Debug|Any CPU.ActiveCfg = Debug|Any CPU
		{A996B938-BD1D-4325-9343-393066524989}.Debug|Any CPU.Build.0 = Debug|Any CPU
		{A996B938-BD1D-4325-9343-393066524989}.Debug|x64.ActiveCfg = Debug|Any CPU
		{A996B938-BD1D-4325-9343-393066524989}.Debug|x64.Build.0 = Debug|Any CPU
		{A996B938-BD1D-4325-9343-393066524989}.Debug|x86.ActiveCfg = Debug|Any CPU
		{A996B938-BD1D-4325-9343-393066524989}.Debug|x86.Build.0 = Debug|Any CPU
		{A996B938-BD1D-4325-9343-393066524989}.Release|Any CPU.ActiveCfg = Release|Any CPU
		{A996B938-BD1D-4325-9343-393066524989}.Release|Any CPU.Build.0 = Release|Any CPU
		{A996B938-BD1D-4325-9343-393066524989}.Release|x64.ActiveCfg = Release|Any CPU
		{A996B938-BD1D-4325-9343-393066524989}.Release|x64.Build.0 = Release|Any CPU
		{A996B938-BD1D-4325-9343-393066524989}.Release|x86.ActiveCfg = Release|Any CPU
		{A996B938-BD1D-4325-9343-393066524989}.Release|x86.Build.0 = Release|Any CPU
	EndGlobalSection
	GlobalSection(SolutionProperties) = preSolution
		HideSolutionNode = FALSE
	EndGlobalSection
	GlobalSection(NestedProjects) = preSolution
		{392065D9-B240-4CEC-A504-7E2CF8FE2FCA} = {02EA681E-C7D8-13C7-8484-4AC65E1B71E8}
		{C8595BC3-8ECB-475F-BD41-FD4B98E89B2F} = {02EA681E-C7D8-13C7-8484-4AC65E1B71E8}
		{FF75CA1B-2828-4D6B-BDAC-2D708FF19E6F} = {02EA681E-C7D8-13C7-8484-4AC65E1B71E8}
		{BA7027F0-516A-48E6-A189-BE14AC86FA6C} = {02EA681E-C7D8-13C7-8484-4AC65E1B71E8}
		{97E469BA-F755-4002-BB40-5E77A448E506} = {02EA681E-C7D8-13C7-8484-4AC65E1B71E8}
		{9582B6B9-01BC-408D-8BBC-75E97BA52D1F} = {369CB01D-A1A7-72D2-AABC-3F0945D148A2}
		{5F5D2E2E-9BF9-4627-8AD1-361241675903} = {369CB01D-A1A7-72D2-AABC-3F0945D148A2}
		{5116A901-20E8-4C8D-A945-5269F9BAB8E4} = {369CB01D-A1A7-72D2-AABC-3F0945D148A2}
		{E996A86F-CC72-41AE-B7EB-25128201D63D} = {369CB01D-A1A7-72D2-AABC-3F0945D148A2}
		{90DF1303-1FF8-4B04-9F48-40AB73671093} = {369CB01D-A1A7-72D2-AABC-3F0945D148A2}
		{4130EBAD-B792-4967-A933-6573748A8D48} = {369CB01D-A1A7-72D2-AABC-3F0945D148A2}
		{1CB1D5C4-EE26-4428-A58B-88D72549ECF7} = {02EA681E-C7D8-13C7-8484-4AC65E1B71E8}
		{3BB7B53A-F64A-48F7-9B8A-003BA8D05AC3} = {02EA681E-C7D8-13C7-8484-4AC65E1B71E8}
		{A996B938-BD1D-4325-9343-393066524989} = {369CB01D-A1A7-72D2-AABC-3F0945D148A2}
	EndGlobalSection
	GlobalSection(ExtensibilityGlobals) = postSolution
		SolutionGuid = {755E25AC-3EFB-42AB-829D-6648C549110C}
	EndGlobalSection
EndGlobal
